Microsoft Visual Studio Solution File, Format Version 11.00
# Visual Studio 2008

Project("{00A4F7C1-9E57-305C-DA41-5AD920F9B477}") = "Disgruntled Whales", "Assembly-CSharp.csproj", "{6E9E005A-1C5A-9CCE-0F9A-2925F719C080}"
EndProject
Project("{00A4F7C1-9E57-305C-DA41-5AD920F9B477}") = "Disgruntled Whales", "Assembly-UnityScript.unityproj", "{2FEAA16D-E6DB-A854-E33B-F77C6A6B0038}"
EndProject
Global
	GlobalSection(SolutionConfigurationPlatforms) = preSolution
		Debug|Any CPU = Debug|Any CPU
		Release|Any CPU = Release|Any CPU
	EndGlobalSection
	GlobalSection(ProjectConfigurationPlatforms) = postSolution
		{6E9E005A-1C5A-9CCE-0F9A-2925F719C080}.Debug|Any CPU.ActiveCfg = Debug|Any CPU
		{6E9E005A-1C5A-9CCE-0F9A-2925F719C080}.Debug|Any CPU.Build.0 = Debug|Any CPU
		{6E9E005A-1C5A-9CCE-0F9A-2925F719C080}.Release|Any CPU.ActiveCfg = Release|Any CPU
		{6E9E005A-1C5A-9CCE-0F9A-2925F719C080}.Release|Any CPU.Build.0 = Release|Any CPU
		{2FEAA16D-E6DB-A854-E33B-F77C6A6B0038}.Debug|Any CPU.ActiveCfg = Debug|Any CPU
		{2FEAA16D-E6DB-A854-E33B-F77C6A6B0038}.Debug|Any CPU.Build.0 = Debug|Any CPU
		{2FEAA16D-E6DB-A854-E33B-F77C6A6B0038}.Release|Any CPU.ActiveCfg = Release|Any CPU
		{2FEAA16D-E6DB-A854-E33B-F77C6A6B0038}.Release|Any CPU.Build.0 = Release|Any CPU
	EndGlobalSection
	GlobalSection(SolutionProperties) = preSolution
		HideSolutionNode = FALSE
	EndGlobalSection
						GlobalSection(MonoDevelopProperties) = preSolution
		StartupItem = Assembly-CSharp.csproj
		Policies = $0
		$0.TextStylePolicy = $1
		$1.inheritsSet = null
		$1.scope = text/x-csharp
		$0.CSharpFormattingPolicy = $2
		$2.inheritsSet = Mono
		$2.inheritsScope = text/x-csharp
		$2.scope = text/x-csharp
		$0.TextStylePolicy = $3
		$3.FileWidth = 120
		$3.TabWidth = 4
		$3.EolMarker = Unix
		$3.inheritsSet = Mono
		$3.inheritsScope = text/plain
		$3.scope = text/plain
	EndGlobalSection

EndGlobal
